
Microsoft Visual Studio Solution File, Format Version 12.00
# Visual Studio Version 17
VisualStudioVersion = 17.0.31903.59
MinimumVisualStudioVersion = 10.0.40219.1
Project("{2150E333-8FDC-42A3-9474-1A3956D46DE8}") = "src", "src", "{827E0CD3-B72D-47B6-A68D-7590B98EB39B}"
EndProject
Project("{FAE04EC0-301F-11D3-BF4B-00C04F79EFBC}") = "SystemAudioAnalyzer.Core", "src\SystemAudioAnalyzer.Core\SystemAudioAnalyzer.Core.csproj", "{66E623FB-4B9A-4A64-A4CA-8AA3A99916C2}"
EndProject
Project("{FAE04EC0-301F-11D3-BF4B-00C04F79EFBC}") = "SystemAudioAnalyzer.Core.Tests", "tests\SystemAudioAnalyzer.Core.Tests\SystemAudioAnalyzer.Core.Tests.csproj", "{D1AE209C-50C8-4CFF-A0E4-A28CC273D5BA}"
EndProject
Project("{FAE04EC0-301F-11D3-BF4B-00C04F79EFBC}") = "SystemAudioAnalyzer.Diagnostic", "src\SystemAudioAnalyzer.Diagnostic\SystemAudioAnalyzer.Diagnostic.csproj", "{622ABD1F-4064-4E21-8903-D145E63663EB}"
EndProject
Global
	GlobalSection(SolutionConfigurationPlatforms) = preSolution
		Debug|Any CPU = Debug|Any CPU
		Debug|x64 = Debug|x64
		Debug|x86 = Debug|x86
		Release|Any CPU = Release|Any CPU
		Release|x64 = Release|x64
		Release|x86 = Release|x86
	EndGlobalSection
	GlobalSection(ProjectConfigurationPlatforms) = postSolution
		{66E623FB-4B9A-4A64-A4CA-8AA3A99916C2}.Debug|Any CPU.ActiveCfg = Debug|Any CPU
		{66E623FB-4B9A-4A64-A4CA-8AA3A99916C2}.Debug|Any CPU.Build.0 = Debug|Any CPU
		{66E623FB-4B9A-4A64-A4CA-8AA3A99916C2}.Debug|x64.ActiveCfg = Debug|Any CPU
		{66E623FB-4B9A-4A64-A4CA-8AA3A99916C2}.Debug|x64.Build.0 = Debug|Any CPU
		{66E623FB-4B9A-4A64-A4CA-8AA3A99916C2}.Debug|x86.ActiveCfg = Debug|Any CPU
		{66E623FB-4B9A-4A64-A4CA-8AA3A99916C2}.Debug|x86.Build.0 = Debug|Any CPU
		{66E623FB-4B9A-4A64-A4CA-8AA3A99916C2}.Release|Any CPU.ActiveCfg = Release|Any CPU
		{66E623FB-4B9A-4A64-A4CA-8AA3A99916C2}.Release|Any CPU.Build.0 = Release|Any CPU
		{66E623FB-4B9A-4A64-A4CA-8AA3A99916C2}.Release|x64.ActiveCfg = Release|Any CPU
		{66E623FB-4B9A-4A64-A4CA-8AA3A99916C2}.Release|x64.Build.0 = Release|Any CPU
		{66E623FB-4B9A-4A64-A4CA-8AA3A99916C2}.Release|x86.ActiveCfg = Release|Any CPU
		{66E623FB-4B9A-4A64-A4CA-8AA3A99916C2}.Release|x86.Build.0 = Release|Any CPU
		{D1AE209C-50C8-4CFF-A0E4-A28CC273D5BA}.Debug|Any CPU.ActiveCfg = Debug|Any CPU
		{D1AE209C-50C8-4CFF-A0E4-A28CC273D5BA}.Debug|Any CPU.Build.0 = Debug|Any CPU
		{D1AE209C-50C8-4CFF-A0E4-A28CC273D5BA}.Debug|x64.ActiveCfg = Debug|Any CPU
		{D1AE209C-50C8-4CFF-A0E4-A28CC273D5BA}.Debug|x64.Build.0 = Debug|Any CPU
		{D1AE209C-50C8-4CFF-A0E4-A28CC273D5BA}.Debug|x86.ActiveCfg = Debug|Any CPU
		{D1AE209C-50C8-4CFF-A0E4-A28CC273D5BA}.Debug|x86.Build.0 = Debug|Any CPU
		{D1AE209C-50C8-4CFF-A0E4-A28CC273D5BA}.Release|Any CPU.ActiveCfg = Release|Any CPU
		{D1AE209C-50C8-4CFF-A0E4-A28CC273D5BA}.Release|Any CPU.Build.0 = Release|Any CPU
		{D1AE209C-50C8-4CFF-A0E4-A28CC273D5BA}.Release|x64.ActiveCfg = Release|Any CPU
		{D1AE209C-50C8-4CFF-A0E4-A28CC273D5BA}.Release|x64.Build.0 = Release|Any CPU
		{D1AE209C-50C8-4CFF-A0E4-A28CC273D5BA}.Release|x86.ActiveCfg = Release|Any CPU
		{D1AE209C-50C8-4CFF-A0E4-A28CC273D5BA}.Release|x86.Build.0 = Release|Any CPU
		{622ABD1F-4064-4E21-8903-D145E63663EB}.Debug|Any CPU.ActiveCfg = Debug|Any CPU
		{622ABD1F-4064-4E21-8903-D145E63663EB}.Debug|Any CPU.Build.0 = Debug|Any CPU
		{622ABD1F-4064-4E21-8903-D145E63663EB}.Debug|x64.ActiveCfg = Debug|Any CPU
		{622ABD1F-4064-4E21-8903-D145E63663EB}.Debug|x64.Build.0 = Debug|Any CPU
		{622ABD1F-4064-4E21-8903-D145E63663EB}.Debug|x86.ActiveCfg = Debug|Any CPU
		{622ABD1F-4064-4E21-8903-D145E63663EB}.Debug|x86.Build.0 = Debug|Any CPU
		{622ABD1F-4064-4E21-8903-D145E63663EB}.Release|Any CPU.ActiveCfg = Release|Any CPU
		{622ABD1F-4064-4E21-8903-D145E63663EB}.Release|Any CPU.Build.0 = Release|Any CPU
		{622ABD1F-4064-4E21-8903-D145E63663EB}.Release|x64.ActiveCfg = Release|Any CPU
		{622ABD1F-4064-4E21-8903-D145E63663EB}.Release|x64.Build.0 = Release|Any CPU
		{622ABD1F-4064-4E21-8903-D145E63663EB}.Release|x86.ActiveCfg = Release|Any CPU
		{622ABD1F-4064-4E21-8903-D145E63663EB}.Release|x86.Build.0 = Release|Any CPU
	EndGlobalSection
	GlobalSection(SolutionProperties) = preSolution
		HideSolutionNode = FALSE
	EndGlobalSection
	GlobalSection(NestedProjects) = preSolution
		{66E623FB-4B9A-4A64-A4CA-8AA3A99916C2} = {827E0CD3-B72D-47B6-A68D-7590B98EB39B}
		{D1AE209C-50C8-4CFF-A0E4-A28CC273D5BA} = {827E0CD3-B72D-47B6-A68D-7590B98EB39B}
		{622ABD1F-4064-4E21-8903-D145E63663EB} = {827E0CD3-B72D-47B6-A68D-7590B98EB39B}
	EndGlobalSection
EndGlobal
